// !$*UTF8*$!
{
	archiveVersion = 1;
	classes = {
	};
	objectVersion = 46;
	objects = {

/* Begin PBXBuildFile section */
		EBB62CFB183D14A500A8D1BD /* Foundation.framework in Frameworks */ = {isa = PBXBuildFile; fileRef = EBB62CFA183D14A500A8D1BD /* Foundation.framework */; };
		EBB62CFD183D14A500A8D1BD /* CoreGraphics.framework in Frameworks */ = {isa = PBXBuildFile; fileRef = EBB62CFC183D14A500A8D1BD /* CoreGraphics.framework */; };
		EBB62CFF183D14A500A8D1BD /* UIKit.framework in Frameworks */ = {isa = PBXBuildFile; fileRef = EBB62CFE183D14A500A8D1BD /* UIKit.framework */; };
		EBB62D01183D14A500A8D1BD /* CoreData.framework in Frameworks */ = {isa = PBXBuildFile; fileRef = EBB62D00183D14A500A8D1BD /* CoreData.framework */; };
		EBB62D07183D14A500A8D1BD /* InfoPlist.strings in Resources */ = {isa = PBXBuildFile; fileRef = EBB62D05183D14A500A8D1BD /* InfoPlist.strings */; };
		EBB62D09183D14A500A8D1BD /* main.m in Sources */ = {isa = PBXBuildFile; fileRef = EBB62D08183D14A500A8D1BD /* main.m */; };
		EBB62D0D183D14A500A8D1BD /* GGAppDelegate.m in Sources */ = {isa = PBXBuildFile; fileRef = EBB62D0C183D14A500A8D1BD /* GGAppDelegate.m */; };
		EBB62D10183D14A500A8D1BD /* Main.storyboard in Resources */ = {isa = PBXBuildFile; fileRef = EBB62D0E183D14A500A8D1BD /* Main.storyboard */; };
		EBB62D13183D14A500A8D1BD /* GGBook.xcdatamodeld in Sources */ = {isa = PBXBuildFile; fileRef = EBB62D11183D14A500A8D1BD /* GGBook.xcdatamodeld */; };
		EBB62D16183D14A500A8D1BD /* GGMasterViewController.m in Sources */ = {isa = PBXBuildFile; fileRef = EBB62D15183D14A500A8D1BD /* GGMasterViewController.m */; };
		EBB62D19183D14A500A8D1BD /* GGDetailViewController.m in Sources */ = {isa = PBXBuildFile; fileRef = EBB62D18183D14A500A8D1BD /* GGDetailViewController.m */; };
		EBB62D1B183D14A500A8D1BD /* Images.xcassets in Resources */ = {isa = PBXBuildFile; fileRef = EBB62D1A183D14A500A8D1BD /* Images.xcassets */; };
		EBB62D22183D14A500A8D1BD /* XCTest.framework in Frameworks */ = {isa = PBXBuildFile; fileRef = EBB62D21183D14A500A8D1BD /* XCTest.framework */; };
		EBB62D23183D14A500A8D1BD /* Foundation.framework in Frameworks */ = {isa = PBXBuildFile; fileRef = EBB62CFA183D14A500A8D1BD /* Foundation.framework */; };
		EBB62D24183D14A500A8D1BD /* UIKit.framework in Frameworks */ = {isa = PBXBuildFile; fileRef = EBB62CFE183D14A500A8D1BD /* UIKit.framework */; };
		EBB62D25183D14A500A8D1BD /* CoreData.framework in Frameworks */ = {isa = PBXBuildFile; fileRef = EBB62D00183D14A500A8D1BD /* CoreData.framework */; };
		EBB62D2D183D14A500A8D1BD /* InfoPlist.strings in Resources */ = {isa = PBXBuildFile; fileRef = EBB62D2B183D14A500A8D1BD /* InfoPlist.strings */; };
		EBB62D2F183D14A500A8D1BD /* GGBookTests.m in Sources */ = {isa = PBXBuildFile; fileRef = EBB62D2E183D14A500A8D1BD /* GGBookTests.m */; };
		EBB62D3D183D175800A8D1BD /* GGCoreDataStack.m in Sources */ = {isa = PBXBuildFile; fileRef = EBB62D3C183D175800A8D1BD /* GGCoreDataStack.m */; };
		EBB62D40183D184600A8D1BD /* Book.m in Sources */ = {isa = PBXBuildFile; fileRef = EBB62D3F183D184600A8D1BD /* Book.m */; };
		EBB62D43183D18CB00A8D1BD /* GGBookFetcher.m in Sources */ = {isa = PBXBuildFile; fileRef = EBB62D42183D18CB00A8D1BD /* GGBookFetcher.m */; };
		EBB62D47183D19D500A8D1BD /* GGAPIEngine.m in Sources */ = {isa = PBXBuildFile; fileRef = EBB62D46183D19D500A8D1BD /* GGAPIEngine.m */; };
		EBB62D5D183D1B8400A8D1BD /* AFHTTPRequestOperation.m in Sources */ = {isa = PBXBuildFile; fileRef = EBB62D4B183D1B8400A8D1BD /* AFHTTPRequestOperation.m */; };
		EBB62D5E183D1B8400A8D1BD /* AFHTTPRequestOperationManager.m in Sources */ = {isa = PBXBuildFile; fileRef = EBB62D4D183D1B8400A8D1BD /* AFHTTPRequestOperationManager.m */; };
		EBB62D5F183D1B8400A8D1BD /* AFHTTPSessionManager.m in Sources */ = {isa = PBXBuildFile; fileRef = EBB62D4F183D1B8400A8D1BD /* AFHTTPSessionManager.m */; };
		EBB62D60183D1B8400A8D1BD /* AFNetworkReachabilityManager.m in Sources */ = {isa = PBXBuildFile; fileRef = EBB62D52183D1B8400A8D1BD /* AFNetworkReachabilityManager.m */; };
		EBB62D61183D1B8400A8D1BD /* AFSecurityPolicy.m in Sources */ = {isa = PBXBuildFile; fileRef = EBB62D54183D1B8400A8D1BD /* AFSecurityPolicy.m */; };
		EBB62D62183D1B8400A8D1BD /* AFURLConnectionOperation.m in Sources */ = {isa = PBXBuildFile; fileRef = EBB62D56183D1B8400A8D1BD /* AFURLConnectionOperation.m */; };
		EBB62D63183D1B8400A8D1BD /* AFURLRequestSerialization.m in Sources */ = {isa = PBXBuildFile; fileRef = EBB62D58183D1B8400A8D1BD /* AFURLRequestSerialization.m */; };
		EBB62D64183D1B8400A8D1BD /* AFURLResponseSerialization.m in Sources */ = {isa = PBXBuildFile; fileRef = EBB62D5A183D1B8400A8D1BD /* AFURLResponseSerialization.m */; };
		EBB62D65183D1B8400A8D1BD /* AFURLSessionManager.m in Sources */ = {isa = PBXBuildFile; fileRef = EBB62D5C183D1B8400A8D1BD /* AFURLSessionManager.m */; };
/* End PBXBuildFile section */

/* Begin PBXContainerItemProxy section */
		EBB62D26183D14A500A8D1BD /* PBXContainerItemProxy */ = {
			isa = PBXContainerItemProxy;
			containerPortal = EBB62CEF183D14A500A8D1BD /* Project object */;
			proxyType = 1;
			remoteGlobalIDString = EBB62CF6183D14A500A8D1BD;
			remoteInfo = GGBook;
		};
/* End PBXContainerItemProxy section */

/* Begin PBXFileReference section */
		EBB62CF7183D14A500A8D1BD /* GGBook.app */ = {isa = PBXFileReference; explicitFileType = wrapper.application; includeInIndex = 0; path = GGBook.app; sourceTree = BUILT_PRODUCTS_DIR; };
		EBB62CFA183D14A500A8D1BD /* Foundation.framework */ = {isa = PBXFileReference; lastKnownFileType = wrapper.framework; name = Foundation.framework; path = System/Library/Frameworks/Foundation.framework; sourceTree = SDKROOT; };
		EBB62CFC183D14A500A8D1BD /* CoreGraphics.framework */ = {isa = PBXFileReference; lastKnownFileType = wrapper.framework; name = CoreGraphics.framework; path = System/Library/Frameworks/CoreGraphics.framework; sourceTree = SDKROOT; };
		EBB62CFE183D14A500A8D1BD /* UIKit.framework */ = {isa = PBXFileReference; lastKnownFileType = wrapper.framework; name = UIKit.framework; path = System/Library/Frameworks/UIKit.framework; sourceTree = SDKROOT; };
		EBB62D00183D14A500A8D1BD /* CoreData.framework */ = {isa = PBXFileReference; lastKnownFileType = wrapper.framework; name = CoreData.framework; path = System/Library/Frameworks/CoreData.framework; sourceTree = SDKROOT; };
		EBB62D04183D14A500A8D1BD /* GGBook-Info.plist */ = {isa = PBXFileReference; lastKnownFileType = text.plist.xml; path = "GGBook-Info.plist"; sourceTree = "<group>"; };
		EBB62D06183D14A500A8D1BD /* en */ = {isa = PBXFileReference; lastKnownFileType = text.plist.strings; name = en; path = en.lproj/InfoPlist.strings; sourceTree = "<group>"; };
		EBB62D08183D14A500A8D1BD /* main.m */ = {isa = PBXFileReference; lastKnownFileType = sourcecode.c.objc; path = main.m; sourceTree = "<group>"; };
		EBB62D0A183D14A500A8D1BD /* GGBook-Prefix.pch */ = {isa = PBXFileReference; lastKnownFileType = sourcecode.c.h; path = "GGBook-Prefix.pch"; sourceTree = "<group>"; };
		EBB62D0B183D14A500A8D1BD /* GGAppDelegate.h */ = {isa = PBXFileReference; lastKnownFileType = sourcecode.c.h; path = GGAppDelegate.h; sourceTree = "<group>"; };
		EBB62D0C183D14A500A8D1BD /* GGAppDelegate.m */ = {isa = PBXFileReference; lastKnownFileType = sourcecode.c.objc; path = GGAppDelegate.m; sourceTree = "<group>"; };
		EBB62D0F183D14A500A8D1BD /* Base */ = {isa = PBXFileReference; lastKnownFileType = file.storyboard; name = Base; path = Base.lproj/Main.storyboard; sourceTree = "<group>"; };
		EBB62D12183D14A500A8D1BD /* GGBook.xcdatamodel */ = {isa = PBXFileReference; lastKnownFileType = wrapper.xcdatamodel; path = GGBook.xcdatamodel; sourceTree = "<group>"; };
		EBB62D14183D14A500A8D1BD /* GGMasterViewController.h */ = {isa = PBXFileReference; lastKnownFileType = sourcecode.c.h; path = GGMasterViewController.h; sourceTree = "<group>"; };
		EBB62D15183D14A500A8D1BD /* GGMasterViewController.m */ = {isa = PBXFileReference; lastKnownFileType = sourcecode.c.objc; path = GGMasterViewController.m; sourceTree = "<group>"; };
		EBB62D17183D14A500A8D1BD /* GGDetailViewController.h */ = {isa = PBXFileReference; lastKnownFileType = sourcecode.c.h; path = GGDetailViewController.h; sourceTree = "<group>"; };
		EBB62D18183D14A500A8D1BD /* GGDetailViewController.m */ = {isa = PBXFileReference; lastKnownFileType = sourcecode.c.objc; path = GGDetailViewController.m; sourceTree = "<group>"; };
		EBB62D1A183D14A500A8D1BD /* Images.xcassets */ = {isa = PBXFileReference; lastKnownFileType = folder.assetcatalog; path = Images.xcassets; sourceTree = "<group>"; };
		EBB62D20183D14A500A8D1BD /* GGBookTests.xctest */ = {isa = PBXFileReference; explicitFileType = wrapper.cfbundle; includeInIndex = 0; path = GGBookTests.xctest; sourceTree = BUILT_PRODUCTS_DIR; };
		EBB62D21183D14A500A8D1BD /* XCTest.framework */ = {isa = PBXFileReference; lastKnownFileType = wrapper.framework; name = XCTest.framework; path = Library/Frameworks/XCTest.framework; sourceTree = DEVELOPER_DIR; };
		EBB62D2A183D14A500A8D1BD /* GGBookTests-Info.plist */ = {isa = PBXFileReference; lastKnownFileType = text.plist.xml; path = "GGBookTests-Info.plist"; sourceTree = "<group>"; };
		EBB62D2C183D14A500A8D1BD /* en */ = {isa = PBXFileReference; lastKnownFileType = text.plist.strings; name = en; path = en.lproj/InfoPlist.strings; sourceTree = "<group>"; };
		EBB62D2E183D14A500A8D1BD /* GGBookTests.m */ = {isa = PBXFileReference; lastKnownFileType = sourcecode.c.objc; path = GGBookTests.m; sourceTree = "<group>"; };
		EBB62D38183D150800A8D1BD /* GGCoreDataStack.h */ = {isa = PBXFileReference; fileEncoding = 4; lastKnownFileType = sourcecode.c.h; path = GGCoreDataStack.h; sourceTree = "<group>"; };
		EBB62D3C183D175800A8D1BD /* GGCoreDataStack.m */ = {isa = PBXFileReference; fileEncoding = 4; lastKnownFileType = sourcecode.c.objc; path = GGCoreDataStack.m; sourceTree = "<group>"; };
		EBB62D3E183D184600A8D1BD /* Book.h */ = {isa = PBXFileReference; fileEncoding = 4; lastKnownFileType = sourcecode.c.h; path = Book.h; sourceTree = "<group>"; };
		EBB62D3F183D184600A8D1BD /* Book.m */ = {isa = PBXFileReference; fileEncoding = 4; lastKnownFileType = sourcecode.c.objc; path = Book.m; sourceTree = "<group>"; };
		EBB62D41183D18CB00A8D1BD /* GGBookFetcher.h */ = {isa = PBXFileReference; fileEncoding = 4; lastKnownFileType = sourcecode.c.h; path = GGBookFetcher.h; sourceTree = "<group>"; };
		EBB62D42183D18CB00A8D1BD /* GGBookFetcher.m */ = {isa = PBXFileReference; fileEncoding = 4; lastKnownFileType = sourcecode.c.objc; path = GGBookFetcher.m; sourceTree = "<group>"; };
		EBB62D45183D19D500A8D1BD /* GGAPIEngine.h */ = {isa = PBXFileReference; fileEncoding = 4; lastKnownFileType = sourcecode.c.h; path = GGAPIEngine.h; sourceTree = "<group>"; };
		EBB62D46183D19D500A8D1BD /* GGAPIEngine.m */ = {isa = PBXFileReference; fileEncoding = 4; lastKnownFileType = sourcecode.c.objc; path = GGAPIEngine.m; sourceTree = "<group>"; };
		EBB62D4A183D1B8400A8D1BD /* AFHTTPRequestOperation.h */ = {isa = PBXFileReference; fileEncoding = 4; lastKnownFileType = sourcecode.c.h; path = AFHTTPRequestOperation.h; sourceTree = "<group>"; };
		EBB62D4B183D1B8400A8D1BD /* AFHTTPRequestOperation.m */ = {isa = PBXFileReference; fileEncoding = 4; lastKnownFileType = sourcecode.c.objc; path = AFHTTPRequestOperation.m; sourceTree = "<group>"; };
		EBB62D4C183D1B8400A8D1BD /* AFHTTPRequestOperationManager.h */ = {isa = PBXFileReference; fileEncoding = 4; lastKnownFileType = sourcecode.c.h; path = AFHTTPRequestOperationManager.h; sourceTree = "<group>"; };
		EBB62D4D183D1B8400A8D1BD /* AFHTTPRequestOperationManager.m */ = {isa = PBXFileReference; fileEncoding = 4; lastKnownFileType = sourcecode.c.objc; path = AFHTTPRequestOperationManager.m; sourceTree = "<group>"; };
		EBB62D4E183D1B8400A8D1BD /* AFHTTPSessionManager.h */ = {isa = PBXFileReference; fileEncoding = 4; lastKnownFileType = sourcecode.c.h; path = AFHTTPSessionManager.h; sourceTree = "<group>"; };
		EBB62D4F183D1B8400A8D1BD /* AFHTTPSessionManager.m */ = {isa = PBXFileReference; fileEncoding = 4; lastKnownFileType = sourcecode.c.objc; path = AFHTTPSessionManager.m; sourceTree = "<group>"; };
		EBB62D50183D1B8400A8D1BD /* AFNetworking.h */ = {isa = PBXFileReference; fileEncoding = 4; lastKnownFileType = sourcecode.c.h; path = AFNetworking.h; sourceTree = "<group>"; };
		EBB62D51183D1B8400A8D1BD /* AFNetworkReachabilityManager.h */ = {isa = PBXFileReference; fileEncoding = 4; lastKnownFileType = sourcecode.c.h; path = AFNetworkReachabilityManager.h; sourceTree = "<group>"; };
		EBB62D52183D1B8400A8D1BD /* AFNetworkReachabilityManager.m */ = {isa = PBXFileReference; fileEncoding = 4; lastKnownFileType = sourcecode.c.objc; path = AFNetworkReachabilityManager.m; sourceTree = "<group>"; };
		EBB62D53183D1B8400A8D1BD /* AFSecurityPolicy.h */ = {isa = PBXFileReference; fileEncoding = 4; lastKnownFileType = sourcecode.c.h; path = AFSecurityPolicy.h; sourceTree = "<group>"; };
		EBB62D54183D1B8400A8D1BD /* AFSecurityPolicy.m */ = {isa = PBXFileReference; fileEncoding = 4; lastKnownFileType = sourcecode.c.objc; path = AFSecurityPolicy.m; sourceTree = "<group>"; };
		EBB62D55183D1B8400A8D1BD /* AFURLConnectionOperation.h */ = {isa = PBXFileReference; fileEncoding = 4; lastKnownFileType = sourcecode.c.h; path = AFURLConnectionOperation.h; sourceTree = "<group>"; };
		EBB62D56183D1B8400A8D1BD /* AFURLConnectionOperation.m */ = {isa = PBXFileReference; fileEncoding = 4; lastKnownFileType = sourcecode.c.objc; path = AFURLConnectionOperation.m; sourceTree = "<group>"; };
		EBB62D57183D1B8400A8D1BD /* AFURLRequestSerialization.h */ = {isa = PBXFileReference; fileEncoding = 4; lastKnownFileType = sourcecode.c.h; path = AFURLRequestSerialization.h; sourceTree = "<group>"; };
		EBB62D58183D1B8400A8D1BD /* AFURLRequestSerialization.m */ = {isa = PBXFileReference; fileEncoding = 4; lastKnownFileType = sourcecode.c.objc; path = AFURLRequestSerialization.m; sourceTree = "<group>"; };
		EBB62D59183D1B8400A8D1BD /* AFURLResponseSerialization.h */ = {isa = PBXFileReference; fileEncoding = 4; lastKnownFileType = sourcecode.c.h; path = AFURLResponseSerialization.h; sourceTree = "<group>"; };
		EBB62D5A183D1B8400A8D1BD /* AFURLResponseSerialization.m */ = {isa = PBXFileReference; fileEncoding = 4; lastKnownFileType = sourcecode.c.objc; path = AFURLResponseSerialization.m; sourceTree = "<group>"; };
		EBB62D5B183D1B8400A8D1BD /* AFURLSessionManager.h */ = {isa = PBXFileReference; fileEncoding = 4; lastKnownFileType = sourcecode.c.h; path = AFURLSessionManager.h; sourceTree = "<group>"; };
		EBB62D5C183D1B8400A8D1BD /* AFURLSessionManager.m */ = {isa = PBXFileReference; fileEncoding = 4; lastKnownFileType = sourcecode.c.objc; path = AFURLSessionManager.m; sourceTree = "<group>"; };
/* End PBXFileReference section */

/* Begin PBXFrameworksBuildPhase section */
		EBB62CF4183D14A500A8D1BD /* Frameworks */ = {
			isa = PBXFrameworksBuildPhase;
			buildActionMask = 2147483647;
			files = (
				EBB62CFD183D14A500A8D1BD /* CoreGraphics.framework in Frameworks */,
				EBB62D01183D14A500A8D1BD /* CoreData.framework in Frameworks */,
				EBB62CFF183D14A500A8D1BD /* UIKit.framework in Frameworks */,
				EBB62CFB183D14A500A8D1BD /* Foundation.framework in Frameworks */,
			);
			runOnlyForDeploymentPostprocessing = 0;
		};
		EBB62D1D183D14A500A8D1BD /* Frameworks */ = {
			isa = PBXFrameworksBuildPhase;
			buildActionMask = 2147483647;
			files = (
				EBB62D22183D14A500A8D1BD /* XCTest.framework in Frameworks */,
				EBB62D25183D14A500A8D1BD /* CoreData.framework in Frameworks */,
				EBB62D24183D14A500A8D1BD /* UIKit.framework in Frameworks */,
				EBB62D23183D14A500A8D1BD /* Foundation.framework in Frameworks */,
			);
			runOnlyForDeploymentPostprocessing = 0;
		};
/* End PBXFrameworksBuildPhase section */

/* Begin PBXGroup section */
		EBB62CEE183D14A500A8D1BD = {
			isa = PBXGroup;
			children = (
				EBB62D02183D14A500A8D1BD /* GGBook */,
				EBB62D28183D14A500A8D1BD /* GGBookTests */,
				EBB62CF9183D14A500A8D1BD /* Frameworks */,
				EBB62CF8183D14A500A8D1BD /* Products */,
			);
			sourceTree = "<group>";
		};
		EBB62CF8183D14A500A8D1BD /* Products */ = {
			isa = PBXGroup;
			children = (
				EBB62CF7183D14A500A8D1BD /* GGBook.app */,
				EBB62D20183D14A500A8D1BD /* GGBookTests.xctest */,
			);
			name = Products;
			sourceTree = "<group>";
		};
		EBB62CF9183D14A500A8D1BD /* Frameworks */ = {
			isa = PBXGroup;
			children = (
				EBB62CFA183D14A500A8D1BD /* Foundation.framework */,
				EBB62CFC183D14A500A8D1BD /* CoreGraphics.framework */,
				EBB62CFE183D14A500A8D1BD /* UIKit.framework */,
				EBB62D00183D14A500A8D1BD /* CoreData.framework */,
				EBB62D21183D14A500A8D1BD /* XCTest.framework */,
			);
			name = Frameworks;
			sourceTree = "<group>";
		};
		EBB62D02183D14A500A8D1BD /* GGBook */ = {
			isa = PBXGroup;
			children = (
				EBB62D0B183D14A500A8D1BD /* GGAppDelegate.h */,
				EBB62D0C183D14A500A8D1BD /* GGAppDelegate.m */,
				EBB62D0E183D14A500A8D1BD /* Main.storyboard */,
				EBB62D14183D14A500A8D1BD /* GGMasterViewController.h */,
				EBB62D15183D14A500A8D1BD /* GGMasterViewController.m */,
				EBB62D17183D14A500A8D1BD /* GGDetailViewController.h */,
				EBB62D18183D14A500A8D1BD /* GGDetailViewController.m */,
				EBB62D1A183D14A500A8D1BD /* Images.xcassets */,
				EBB62D41183D18CB00A8D1BD /* GGBookFetcher.h */,
				EBB62D42183D18CB00A8D1BD /* GGBookFetcher.m */,
				EBB62D48183D1B8400A8D1BD /* Vendor */,
				EBB62D44183D18D500A8D1BD /* Network */,
				EBB62D3B183D150D00A8D1BD /* CoreData */,
				EBB62D03183D14A500A8D1BD /* Supporting Files */,
			);
			path = GGBook;
			sourceTree = "<group>";
		};
		EBB62D03183D14A500A8D1BD /* Supporting Files */ = {
			isa = PBXGroup;
			children = (
				EBB62D04183D14A500A8D1BD /* GGBook-Info.plist */,
				EBB62D05183D14A500A8D1BD /* InfoPlist.strings */,
				EBB62D08183D14A500A8D1BD /* main.m */,
				EBB62D0A183D14A500A8D1BD /* GGBook-Prefix.pch */,
			);
			name = "Supporting Files";
			sourceTree = "<group>";
		};
		EBB62D28183D14A500A8D1BD /* GGBookTests */ = {
			isa = PBXGroup;
			children = (
				EBB62D2E183D14A500A8D1BD /* GGBookTests.m */,
				EBB62D29183D14A500A8D1BD /* Supporting Files */,
			);
			path = GGBookTests;
			sourceTree = "<group>";
		};
		EBB62D29183D14A500A8D1BD /* Supporting Files */ = {
			isa = PBXGroup;
			children = (
				EBB62D2A183D14A500A8D1BD /* GGBookTests-Info.plist */,
				EBB62D2B183D14A500A8D1BD /* InfoPlist.strings */,
			);
			name = "Supporting Files";
			sourceTree = "<group>";
		};
		EBB62D3B183D150D00A8D1BD /* CoreData */ = {
			isa = PBXGroup;
			children = (
				EBB62D11183D14A500A8D1BD /* GGBook.xcdatamodeld */,
				EBB62D3E183D184600A8D1BD /* Book.h */,
				EBB62D3F183D184600A8D1BD /* Book.m */,
				EBB62D38183D150800A8D1BD /* GGCoreDataStack.h */,
				EBB62D3C183D175800A8D1BD /* GGCoreDataStack.m */,
			);
			name = CoreData;
			sourceTree = "<group>";
		};
		EBB62D44183D18D500A8D1BD /* Network */ = {
			isa = PBXGroup;
			children = (
				EBB62D45183D19D500A8D1BD /* GGAPIEngine.h */,
				EBB62D46183D19D500A8D1BD /* GGAPIEngine.m */,
			);
			name = Network;
			sourceTree = "<group>";
		};
		EBB62D48183D1B8400A8D1BD /* Vendor */ = {
			isa = PBXGroup;
			children = (
				EBB62D49183D1B8400A8D1BD /* AFNetworking */,
			);
			path = Vendor;
			sourceTree = "<group>";
		};
		EBB62D49183D1B8400A8D1BD /* AFNetworking */ = {
			isa = PBXGroup;
			children = (
				EBB62D4A183D1B8400A8D1BD /* AFHTTPRequestOperation.h */,
				EBB62D4B183D1B8400A8D1BD /* AFHTTPRequestOperation.m */,
				EBB62D4C183D1B8400A8D1BD /* AFHTTPRequestOperationManager.h */,
				EBB62D4D183D1B8400A8D1BD /* AFHTTPRequestOperationManager.m */,
				EBB62D4E183D1B8400A8D1BD /* AFHTTPSessionManager.h */,
				EBB62D4F183D1B8400A8D1BD /* AFHTTPSessionManager.m */,
				EBB62D50183D1B8400A8D1BD /* AFNetworking.h */,
				EBB62D51183D1B8400A8D1BD /* AFNetworkReachabilityManager.h */,
				EBB62D52183D1B8400A8D1BD /* AFNetworkReachabilityManager.m */,
				EBB62D53183D1B8400A8D1BD /* AFSecurityPolicy.h */,
				EBB62D54183D1B8400A8D1BD /* AFSecurityPolicy.m */,
				EBB62D55183D1B8400A8D1BD /* AFURLConnectionOperation.h */,
				EBB62D56183D1B8400A8D1BD /* AFURLConnectionOperation.m */,
				EBB62D57183D1B8400A8D1BD /* AFURLRequestSerialization.h */,
				EBB62D58183D1B8400A8D1BD /* AFURLRequestSerialization.m */,
				EBB62D59183D1B8400A8D1BD /* AFURLResponseSerialization.h */,
				EBB62D5A183D1B8400A8D1BD /* AFURLResponseSerialization.m */,
				EBB62D5B183D1B8400A8D1BD /* AFURLSessionManager.h */,
				EBB62D5C183D1B8400A8D1BD /* AFURLSessionManager.m */,
			);
			path = AFNetworking;
			sourceTree = "<group>";
		};
/* End PBXGroup section */

/* Begin PBXNativeTarget section */
		EBB62CF6183D14A500A8D1BD /* GGBook */ = {
			isa = PBXNativeTarget;
			buildConfigurationList = EBB62D32183D14A500A8D1BD /* Build configuration list for PBXNativeTarget "GGBook" */;
			buildPhases = (
				EBB62CF3183D14A500A8D1BD /* Sources */,
				EBB62CF4183D14A500A8D1BD /* Frameworks */,
				EBB62CF5183D14A500A8D1BD /* Resources */,
			);
			buildRules = (
			);
			dependencies = (
			);
			name = GGBook;
			productName = GGBook;
			productReference = EBB62CF7183D14A500A8D1BD /* GGBook.app */;
			productType = "com.apple.product-type.application";
		};
		EBB62D1F183D14A500A8D1BD /* GGBookTests */ = {
			isa = PBXNativeTarget;
			buildConfigurationList = EBB62D35183D14A500A8D1BD /* Build configuration list for PBXNativeTarget "GGBookTests" */;
			buildPhases = (
				EBB62D1C183D14A500A8D1BD /* Sources */,
				EBB62D1D183D14A500A8D1BD /* Frameworks */,
				EBB62D1E183D14A500A8D1BD /* Resources */,
			);
			buildRules = (
			);
			dependencies = (
				EBB62D27183D14A500A8D1BD /* PBXTargetDependency */,
			);
			name = GGBookTests;
			productName = GGBookTests;
			productReference = EBB62D20183D14A500A8D1BD /* GGBookTests.xctest */;
			productType = "com.apple.product-type.bundle.unit-test";
		};
/* End PBXNativeTarget section */

/* Begin PBXProject section */
		EBB62CEF183D14A500A8D1BD /* Project object */ = {
			isa = PBXProject;
			attributes = {
				CLASSPREFIX = GG;
				LastUpgradeCheck = 0500;
				ORGANIZATIONNAME = "Voalte Inc";
				TargetAttributes = {
					EBB62D1F183D14A500A8D1BD = {
						TestTargetID = EBB62CF6183D14A500A8D1BD;
					};
				};
			};
			buildConfigurationList = EBB62CF2183D14A500A8D1BD /* Build configuration list for PBXProject "GGBook" */;
			compatibilityVersion = "Xcode 3.2";
			developmentRegion = English;
			hasScannedForEncodings = 0;
			knownRegions = (
				en,
				Base,
			);
			mainGroup = EBB62CEE183D14A500A8D1BD;
			productRefGroup = EBB62CF8183D14A500A8D1BD /* Products */;
			projectDirPath = "";
			projectRoot = "";
			targets = (
				EBB62CF6183D14A500A8D1BD /* GGBook */,
				EBB62D1F183D14A500A8D1BD /* GGBookTests */,
			);
		};
/* End PBXProject section */

/* Begin PBXResourcesBuildPhase section */
		EBB62CF5183D14A500A8D1BD /* Resources */ = {
			isa = PBXResourcesBuildPhase;
			buildActionMask = 2147483647;
			files = (
				EBB62D1B183D14A500A8D1BD /* Images.xcassets in Resources */,
				EBB62D07183D14A500A8D1BD /* InfoPlist.strings in Resources */,
				EBB62D10183D14A500A8D1BD /* Main.storyboard in Resources */,
			);
			runOnlyForDeploymentPostprocessing = 0;
		};
		EBB62D1E183D14A500A8D1BD /* Resources */ = {
			isa = PBXResourcesBuildPhase;
			buildActionMask = 2147483647;
			files = (
				EBB62D2D183D14A500A8D1BD /* InfoPlist.strings in Resources */,
			);
			runOnlyForDeploymentPostprocessing = 0;
		};
/* End PBXResourcesBuildPhase section */

/* Begin PBXSourcesBuildPhase section */
		EBB62CF3183D14A500A8D1BD /* Sources */ = {
			isa = PBXSourcesBuildPhase;
			buildActionMask = 2147483647;
			files = (
				EBB62D61183D1B8400A8D1BD /* AFSecurityPolicy.m in Sources */,
				EBB62D16183D14A500A8D1BD /* GGMasterViewController.m in Sources */,
				EBB62D60183D1B8400A8D1BD /* AFNetworkReachabilityManager.m in Sources */,
				EBB62D13183D14A500A8D1BD /* GGBook.xcdatamodeld in Sources */,
				EBB62D62183D1B8400A8D1BD /* AFURLConnectionOperation.m in Sources */,
				EBB62D5D183D1B8400A8D1BD /* AFHTTPRequestOperation.m in Sources */,
				EBB62D5F183D1B8400A8D1BD /* AFHTTPSessionManager.m in Sources */,
				EBB62D63183D1B8400A8D1BD /* AFURLRequestSerialization.m in Sources */,
				EBB62D0D183D14A500A8D1BD /* GGAppDelegate.m in Sources */,
				EBB62D65183D1B8400A8D1BD /* AFURLSessionManager.m in Sources */,
				EBB62D3D183D175800A8D1BD /* GGCoreDataStack.m in Sources */,
				EBB62D5E183D1B8400A8D1BD /* AFHTTPRequestOperationManager.m in Sources */,
				EBB62D43183D18CB00A8D1BD /* GGBookFetcher.m in Sources */,
				EBB62D64183D1B8400A8D1BD /* AFURLResponseSerialization.m in Sources */,
				EBB62D47183D19D500A8D1BD /* GGAPIEngine.m in Sources */,
				EBB62D09183D14A500A8D1BD /* main.m in Sources */,
				EBB62D40183D184600A8D1BD /* Book.m in Sources */,
				EBB62D19183D14A500A8D1BD /* GGDetailViewController.m in Sources */,
			);
			runOnlyForDeploymentPostprocessing = 0;
		};
		EBB62D1C183D14A500A8D1BD /* Sources */ = {
			isa = PBXSourcesBuildPhase;
			buildActionMask = 2147483647;
			files = (
				EBB62D2F183D14A500A8D1BD /* GGBookTests.m in Sources */,
			);
			runOnlyForDeploymentPostprocessing = 0;
		};
/* End PBXSourcesBuildPhase section */

/* Begin PBXTargetDependency section */
		EBB62D27183D14A500A8D1BD /* PBXTargetDependency */ = {
			isa = PBXTargetDependency;
			target = EBB62CF6183D14A500A8D1BD /* GGBook */;
			targetProxy = EBB62D26183D14A500A8D1BD /* PBXContainerItemProxy */;
		};
/* End PBXTargetDependency section */

/* Begin PBXVariantGroup section */
		EBB62D05183D14A500A8D1BD /* InfoPlist.strings */ = {
			isa = PBXVariantGroup;
			children = (
				EBB62D06183D14A500A8D1BD /* en */,
			);
			name = InfoPlist.strings;
			sourceTree = "<group>";
		};
		EBB62D0E183D14A500A8D1BD /* Main.storyboard */ = {
			isa = PBXVariantGroup;
			children = (
				EBB62D0F183D14A500A8D1BD /* Base */,
			);
			name = Main.storyboard;
			sourceTree = "<group>";
		};
		EBB62D2B183D14A500A8D1BD /* InfoPlist.strings */ = {
			isa = PBXVariantGroup;
			children = (
				EBB62D2C183D14A500A8D1BD /* en */,
			);
			name = InfoPlist.strings;
			sourceTree = "<group>";
		};
/* End PBXVariantGroup section */

/* Begin XCBuildConfiguration section */
		EBB62D30183D14A500A8D1BD /* Debug */ = {
			isa = XCBuildConfiguration;
			buildSettings = {
				ALWAYS_SEARCH_USER_PATHS = NO;
				ARCHS = "$(ARCHS_STANDARD_INCLUDING_64_BIT)";
				CLANG_CXX_LANGUAGE_STANDARD = "gnu++0x";
				CLANG_CXX_LIBRARY = "libc++";
				CLANG_ENABLE_MODULES = YES;
				CLANG_ENABLE_OBJC_ARC = YES;
				CLANG_WARN_BOOL_CONVERSION = YES;
				CLANG_WARN_CONSTANT_CONVERSION = YES;
				CLANG_WARN_DIRECT_OBJC_ISA_USAGE = YES_ERROR;
				CLANG_WARN_EMPTY_BODY = YES;
				CLANG_WARN_ENUM_CONVERSION = YES;
				CLANG_WARN_INT_CONVERSION = YES;
				CLANG_WARN_OBJC_ROOT_CLASS = YES_ERROR;
				CLANG_WARN__DUPLICATE_METHOD_MATCH = YES;
				"CODE_SIGN_IDENTITY[sdk=iphoneos*]" = "iPhone Developer";
				COPY_PHASE_STRIP = NO;
				GCC_C_LANGUAGE_STANDARD = gnu99;
				GCC_DYNAMIC_NO_PIC = NO;
				GCC_OPTIMIZATION_LEVEL = 0;
				GCC_PREPROCESSOR_DEFINITIONS = (
					"DEBUG=1",
					"$(inherited)",
				);
				GCC_SYMBOLS_PRIVATE_EXTERN = NO;
				GCC_WARN_64_TO_32_BIT_CONVERSION = YES;
				GCC_WARN_ABOUT_RETURN_TYPE = YES_ERROR;
				GCC_WARN_UNDECLARED_SELECTOR = YES;
				GCC_WARN_UNINITIALIZED_AUTOS = YES;
				GCC_WARN_UNUSED_FUNCTION = YES;
				GCC_WARN_UNUSED_VARIABLE = YES;
				IPHONEOS_DEPLOYMENT_TARGET = 7.0;
				ONLY_ACTIVE_ARCH = YES;
				SDKROOT = iphoneos;
			};
			name = Debug;
		};
		EBB62D31183D14A500A8D1BD /* Release */ = {
			isa = XCBuildConfiguration;
			buildSettings = {
				ALWAYS_SEARCH_USER_PATHS = NO;
				ARCHS = "$(ARCHS_STANDARD_INCLUDING_64_BIT)";
				CLANG_CXX_LANGUAGE_STANDARD = "gnu++0x";
				CLANG_CXX_LIBRARY = "libc++";
				CLANG_ENABLE_MODULES = YES;
				CLANG_ENABLE_OBJC_ARC = YES;
				CLANG_WARN_BOOL_CONVERSION = YES;
				CLANG_WARN_CONSTANT_CONVERSION = YES;
				CLANG_WARN_DIRECT_OBJC_ISA_USAGE = YES_ERROR;
				CLANG_WARN_EMPTY_BODY = YES;
				CLANG_WARN_ENUM_CONVERSION = YES;
				CLANG_WARN_INT_CONVERSION = YES;
				CLANG_WARN_OBJC_ROOT_CLASS = YES_ERROR;
				CLANG_WARN__DUPLICATE_METHOD_MATCH = YES;
				"CODE_SIGN_IDENTITY[sdk=iphoneos*]" = "iPhone Developer";
				COPY_PHASE_STRIP = YES;
				ENABLE_NS_ASSERTIONS = NO;
				GCC_C_LANGUAGE_STANDARD = gnu99;
				GCC_WARN_64_TO_32_BIT_CONVERSION = YES;
				GCC_WARN_ABOUT_RETURN_TYPE = YES_ERROR;
				GCC_WARN_UNDECLARED_SELECTOR = YES;
				GCC_WARN_UNINITIALIZED_AUTOS = YES;
				GCC_WARN_UNUSED_FUNCTION = YES;
				GCC_WARN_UNUSED_VARIABLE = YES;
				IPHONEOS_DEPLOYMENT_TARGET = 7.0;
				SDKROOT = iphoneos;
				VALIDATE_PRODUCT = YES;
			};
			name = Release;
		};
		EBB62D33183D14A500A8D1BD /* Debug */ = {
			isa = XCBuildConfiguration;
			buildSettings = {
				ASSETCATALOG_COMPILER_APPICON_NAME = AppIcon;
				ASSETCATALOG_COMPILER_LAUNCHIMAGE_NAME = LaunchImage;
				GCC_PRECOMPILE_PREFIX_HEADER = YES;
				GCC_PREFIX_HEADER = "GGBook/GGBook-Prefix.pch";
				INFOPLIST_FILE = "GGBook/GGBook-Info.plist";
				PRODUCT_NAME = "$(TARGET_NAME)";
				WRAPPER_EXTENSION = app;
			};
			name = Debug;
		};
		EBB62D34183D14A500A8D1BD /* Release */ = {
			isa = XCBuildConfiguration;
			buildSettings = {
				ASSETCATALOG_COMPILER_APPICON_NAME = AppIcon;
				ASSETCATALOG_COMPILER_LAUNCHIMAGE_NAME = LaunchImage;
				GCC_PRECOMPILE_PREFIX_HEADER = YES;
				GCC_PREFIX_HEADER = "GGBook/GGBook-Prefix.pch";
				INFOPLIST_FILE = "GGBook/GGBook-Info.plist";
				PRODUCT_NAME = "$(TARGET_NAME)";
				WRAPPER_EXTENSION = app;
			};
			name = Release;
		};
		EBB62D36183D14A500A8D1BD /* Debug */ = {
			isa = XCBuildConfiguration;
			buildSettings = {
				ARCHS = "$(ARCHS_STANDARD_INCLUDING_64_BIT)";
				BUNDLE_LOADER = "$(BUILT_PRODUCTS_DIR)/GGBook.app/GGBook";
				FRAMEWORK_SEARCH_PATHS = (
					"$(SDKROOT)/Developer/Library/Frameworks",
					"$(inherited)",
					"$(DEVELOPER_FRAMEWORKS_DIR)",
				);
				GCC_PRECOMPILE_PREFIX_HEADER = YES;
				GCC_PREFIX_HEADER = "GGBook/GGBook-Prefix.pch";
				GCC_PREPROCESSOR_DEFINITIONS = (
					"DEBUG=1",
					"$(inherited)",
				);
				INFOPLIST_FILE = "GGBookTests/GGBookTests-Info.plist";
				PRODUCT_NAME = "$(TARGET_NAME)";
				TEST_HOST = "$(BUNDLE_LOADER)";
				WRAPPER_EXTENSION = xctest;
			};
			name = Debug;
		};
		EBB62D37183D14A500A8D1BD /* Release */ = {
			isa = XCBuildConfiguration;
			buildSettings = {
				ARCHS = "$(ARCHS_STANDARD_INCLUDING_64_BIT)";
				BUNDLE_LOADER = "$(BUILT_PRODUCTS_DIR)/GGBook.app/GGBook";
				FRAMEWORK_SEARCH_PATHS = (
					"$(SDKROOT)/Developer/Library/Frameworks",
					"$(inherited)",
					"$(DEVELOPER_FRAMEWORKS_DIR)",
				);
				GCC_PRECOMPILE_PREFIX_HEADER = YES;
				GCC_PREFIX_HEADER = "GGBook/GGBook-Prefix.pch";
				INFOPLIST_FILE = "GGBookTests/GGBookTests-Info.plist";
				PRODUCT_NAME = "$(TARGET_NAME)";
				TEST_HOST = "$(BUNDLE_LOADER)";
				WRAPPER_EXTENSION = xctest;
			};
			name = Release;
		};
/* End XCBuildConfiguration section */

/* Begin XCConfigurationList section */
		EBB62CF2183D14A500A8D1BD /* Build configuration list for PBXProject "GGBook" */ = {
			isa = XCConfigurationList;
			buildConfigurations = (
				EBB62D30183D14A500A8D1BD /* Debug */,
				EBB62D31183D14A500A8D1BD /* Release */,
			);
			defaultConfigurationIsVisible = 0;
			defaultConfigurationName = Release;
		};
		EBB62D32183D14A500A8D1BD /* Build configuration list for PBXNativeTarget "GGBook" */ = {
			isa = XCConfigurationList;
			buildConfigurations = (
				EBB62D33183D14A500A8D1BD /* Debug */,
				EBB62D34183D14A500A8D1BD /* Release */,
			);
			defaultConfigurationIsVisible = 0;
		};
		EBB62D35183D14A500A8D1BD /* Build configuration list for PBXNativeTarget "GGBookTests" */ = {
			isa = XCConfigurationList;
			buildConfigurations = (
				EBB62D36183D14A500A8D1BD /* Debug */,
				EBB62D37183D14A500A8D1BD /* Release */,
			);
			defaultConfigurationIsVisible = 0;
		};
/* End XCConfigurationList section */

/* Begin XCVersionGroup section */
		EBB62D11183D14A500A8D1BD /* GGBook.xcdatamodeld */ = {
			isa = XCVersionGroup;
			children = (
				EBB62D12183D14A500A8D1BD /* GGBook.xcdatamodel */,
			);
			currentVersion = EBB62D12183D14A500A8D1BD /* GGBook.xcdatamodel */;
			path = GGBook.xcdatamodeld;
			sourceTree = "<group>";
			versionGroupType = wrapper.xcdatamodel;
		};
/* End XCVersionGroup section */
	};
	rootObject = EBB62CEF183D14A500A8D1BD /* Project object */;
}
